
Microsoft Visual Studio Solution File, Format Version 12.00
# Visual Studio Version 17
VisualStudioVersion = 17.8.34525.116
MinimumVisualStudioVersion = 10.0.40219.1
Project("{FAE04EC0-301F-11D3-BF4B-00C04F79EFBC}") = "ShopMVC", "ShopMVC.csproj", "{F70B80DC-22DE-463C-AEA9-E6B6806899ED}"
EndProject
Global
	GlobalSection(SolutionConfigurationPlatforms) = preSolution
		Debug|Any CPU = Debug|Any CPU
		Release|Any CPU = Release|Any CPU
	EndGlobalSection
	GlobalSection(ProjectConfigurationPlatforms) = postSolution
		{F70B80DC-22DE-463C-AEA9-E6B6806899ED}.Debug|Any CPU.ActiveCfg = Debug|Any CPU
		{F70B80DC-22DE-463C-AEA9-E6B6806899ED}.Debug|Any CPU.Build.0 = Debug|Any CPU
		{F70B80DC-22DE-463C-AEA9-E6B6806899ED}.Release|Any CPU.ActiveCfg = Release|Any CPU
		{F70B80DC-22DE-463C-AEA9-E6B6806899ED}.Release|Any CPU.Build.0 = Release|Any CPU
	EndGlobalSection
	GlobalSection(SolutionProperties) = preSolution
		HideSolutionNode = FALSE
	EndGlobalSection
	GlobalSection(ExtensibilityGlobals) = postSolution
		SolutionGuid = {A37BB224-512D-4EEC-AF22-87B3ACEC3B77}
	EndGlobalSection
EndGlobal
